
Microsoft Visual Studio Solution File, Format Version 12.00
# Visual Studio Version 17
VisualStudioVersion = 17.3.32825.248
MinimumVisualStudioVersion = 10.0.40219.1
Project("{9A19103F-16F7-4668-BE54-9A1E7A4F7556}") = "CasaDoCodigo", "CasaDoCodigo.csproj", "{409DF7BC-2AA7-4C58-A896-4BE97A54F18E}"
EndProject
Global
	GlobalSection(SolutionConfigurationPlatforms) = preSolution
		Debug|Any CPU = Debug|Any CPU
		Release|Any CPU = Release|Any CPU
	EndGlobalSection
	GlobalSection(ProjectConfigurationPlatforms) = postSolution
		{409DF7BC-2AA7-4C58-A896-4BE97A54F18E}.Debug|Any CPU.ActiveCfg = Debug|Any CPU
		{409DF7BC-2AA7-4C58-A896-4BE97A54F18E}.Debug|Any CPU.Build.0 = Debug|Any CPU
		{409DF7BC-2AA7-4C58-A896-4BE97A54F18E}.Release|Any CPU.ActiveCfg = Release|Any CPU
		{409DF7BC-2AA7-4C58-A896-4BE97A54F18E}.Release|Any CPU.Build.0 = Release|Any CPU
	EndGlobalSection
	GlobalSection(SolutionProperties) = preSolution
		HideSolutionNode = FALSE
	EndGlobalSection
	GlobalSection(ExtensibilityGlobals) = postSolution
		SolutionGuid = {8D27606F-C4C8-42D1-9E68-F1649923239D}
	EndGlobalSection
EndGlobal
